
Microsoft Visual Studio Solution File, Format Version 12.00
# Visual Studio Version 17
VisualStudioVersion = 17.7.34031.279
MinimumVisualStudioVersion = 10.0.40219.1
Project("{9A19103F-16F7-4668-BE54-9A1E7A4F7556}") = "ConsoleApp1", "ConsoleApp1.csproj", "{D44AA77F-2A7E-41C4-8F0C-C2D0CF1DD577}"
EndProject
Project("{9A19103F-16F7-4668-BE54-9A1E7A4F7556}") = "ConsoleApp2", "..\ConsoleApp2\ConsoleApp2.csproj", "{8A38AFD9-8259-4F05-BBFE-396B624FD7F2}"
EndProject
Project("{9A19103F-16F7-4668-BE54-9A1E7A4F7556}") = "ConsoleApp3", "..\ConsoleApp3\ConsoleApp3.csproj", "{F22C91FF-C69A-4F8B-A5B5-FB8AD930E48E}"
EndProject
Project("{9A19103F-16F7-4668-BE54-9A1E7A4F7556}") = "ConsoleApp4", "..\ConsoleApp4\ConsoleApp4.csproj", "{0CB76575-B7B6-4F7E-B027-FAADA19E707D}"
EndProject
Project("{9A19103F-16F7-4668-BE54-9A1E7A4F7556}") = "ConsoleApp5", "..\ConsoleApp5\ConsoleApp5.csproj", "{EB1D5E87-9830-462B-B703-4EF12FC8AA59}"
EndProject
Global
	GlobalSection(SolutionConfigurationPlatforms) = preSolution
		Debug|Any CPU = Debug|Any CPU
		Release|Any CPU = Release|Any CPU
	EndGlobalSection
	GlobalSection(ProjectConfigurationPlatforms) = postSolution
		{D44AA77F-2A7E-41C4-8F0C-C2D0CF1DD577}.Debug|Any CPU.ActiveCfg = Debug|Any CPU
		{D44AA77F-2A7E-41C4-8F0C-C2D0CF1DD577}.Debug|Any CPU.Build.0 = Debug|Any CPU
		{D44AA77F-2A7E-41C4-8F0C-C2D0CF1DD577}.Release|Any CPU.ActiveCfg = Release|Any CPU
		{D44AA77F-2A7E-41C4-8F0C-C2D0CF1DD577}.Release|Any CPU.Build.0 = Release|Any CPU
		{8A38AFD9-8259-4F05-BBFE-396B624FD7F2}.Debug|Any CPU.ActiveCfg = Debug|Any CPU
		{8A38AFD9-8259-4F05-BBFE-396B624FD7F2}.Debug|Any CPU.Build.0 = Debug|Any CPU
		{8A38AFD9-8259-4F05-BBFE-396B624FD7F2}.Release|Any CPU.ActiveCfg = Release|Any CPU
		{8A38AFD9-8259-4F05-BBFE-396B624FD7F2}.Release|Any CPU.Build.0 = Release|Any CPU
		{F22C91FF-C69A-4F8B-A5B5-FB8AD930E48E}.Debug|Any CPU.ActiveCfg = Debug|Any CPU
		{F22C91FF-C69A-4F8B-A5B5-FB8AD930E48E}.Debug|Any CPU.Build.0 = Debug|Any CPU
		{F22C91FF-C69A-4F8B-A5B5-FB8AD930E48E}.Release|Any CPU.ActiveCfg = Release|Any CPU
		{F22C91FF-C69A-4F8B-A5B5-FB8AD930E48E}.Release|Any CPU.Build.0 = Release|Any CPU
		{0CB76575-B7B6-4F7E-B027-FAADA19E707D}.Debug|Any CPU.ActiveCfg = Debug|Any CPU
		{0CB76575-B7B6-4F7E-B027-FAADA19E707D}.Debug|Any CPU.Build.0 = Debug|Any CPU
		{0CB76575-B7B6-4F7E-B027-FAADA19E707D}.Release|Any CPU.ActiveCfg = Release|Any CPU
		{0CB76575-B7B6-4F7E-B027-FAADA19E707D}.Release|Any CPU.Build.0 = Release|Any CPU
		{EB1D5E87-9830-462B-B703-4EF12FC8AA59}.Debug|Any CPU.ActiveCfg = Debug|Any CPU
		{EB1D5E87-9830-462B-B703-4EF12FC8AA59}.Debug|Any CPU.Build.0 = Debug|Any CPU
		{EB1D5E87-9830-462B-B703-4EF12FC8AA59}.Release|Any CPU.ActiveCfg = Release|Any CPU
		{EB1D5E87-9830-462B-B703-4EF12FC8AA59}.Release|Any CPU.Build.0 = Release|Any CPU
	EndGlobalSection
	GlobalSection(SolutionProperties) = preSolution
		HideSolutionNode = FALSE
	EndGlobalSection
	GlobalSection(ExtensibilityGlobals) = postSolution
		SolutionGuid = {C3A3E7CD-5AF3-4298-BA60-55EDC3A215D4}
	EndGlobalSection
EndGlobal
